
Microsoft Visual Studio Solution File, Format Version 12.00
# Visual Studio Version 16
VisualStudioVersion = 16.0.30804.86
MinimumVisualStudioVersion = 10.0.40219.1
Project("{FAE04EC0-301F-11D3-BF4B-00C04F79EFBC}") = "Classes_n_Structures_6.2", "Classes_n_Structures_6.2\Classes_n_Structures_6.2.csproj", "{8D49AC47-609B-4B52-8064-2207E4C1A049}"
EndProject
Global
	GlobalSection(SolutionConfigurationPlatforms) = preSolution
		Debug|Any CPU = Debug|Any CPU
		Release|Any CPU = Release|Any CPU
	EndGlobalSection
	GlobalSection(ProjectConfigurationPlatforms) = postSolution
		{8D49AC47-609B-4B52-8064-2207E4C1A049}.Debug|Any CPU.ActiveCfg = Debug|Any CPU
		{8D49AC47-609B-4B52-8064-2207E4C1A049}.Debug|Any CPU.Build.0 = Debug|Any CPU
		{8D49AC47-609B-4B52-8064-2207E4C1A049}.Release|Any CPU.ActiveCfg = Release|Any CPU
		{8D49AC47-609B-4B52-8064-2207E4C1A049}.Release|Any CPU.Build.0 = Release|Any CPU
	EndGlobalSection
	GlobalSection(SolutionProperties) = preSolution
		HideSolutionNode = FALSE
	EndGlobalSection
	GlobalSection(ExtensibilityGlobals) = postSolution
		SolutionGuid = {76C89169-982E-4507-B7FB-D7BBFF7ACCD3}
	EndGlobalSection
EndGlobal
